
Microsoft Visual Studio Solution File, Format Version 12.00
# Visual Studio Version 17
VisualStudioVersion = 17.6.33829.357
MinimumVisualStudioVersion = 10.0.40219.1
Project("{FAE04EC0-301F-11D3-BF4B-00C04F79EFBC}") = "FizzBuzz", "FizzBuzz\FizzBuzz.csproj", "{0DBFDBB5-ACF3-43CA-9C18-3F6A0BFED23D}"
EndProject
Global
	GlobalSection(SolutionConfigurationPlatforms) = preSolution
		Debug|Any CPU = Debug|Any CPU
		Release|Any CPU = Release|Any CPU
	EndGlobalSection
	GlobalSection(ProjectConfigurationPlatforms) = postSolution
		{0DBFDBB5-ACF3-43CA-9C18-3F6A0BFED23D}.Debug|Any CPU.ActiveCfg = Debug|Any CPU
		{0DBFDBB5-ACF3-43CA-9C18-3F6A0BFED23D}.Debug|Any CPU.Build.0 = Debug|Any CPU
		{0DBFDBB5-ACF3-43CA-9C18-3F6A0BFED23D}.Release|Any CPU.ActiveCfg = Release|Any CPU
		{0DBFDBB5-ACF3-43CA-9C18-3F6A0BFED23D}.Release|Any CPU.Build.0 = Release|Any CPU
	EndGlobalSection
	GlobalSection(SolutionProperties) = preSolution
		HideSolutionNode = FALSE
	EndGlobalSection
	GlobalSection(ExtensibilityGlobals) = postSolution
		SolutionGuid = {67CAB11B-488E-4F25-A1BA-51B27706BCAC}
	EndGlobalSection
EndGlobal
